github.com/google/uuid v1.6.0 h1:NIvaJDMOsjHA8n1jAhLSgzrAzy1Hgr+hNrb57e+94F0=
github.com/google/uuid v1.6.0/go.mod h1:TIyPZe4MgqvfeYDBFedMoGGpEw/LqOeaOT+nhxU+yHo=
github.com/sirupsen/logrus v1.9.3 h1:dueUQJ1C2q9oE3F7wvmSGAaVtTmUizReu6fjN8uqzbQ=
github.com/swaros/contxt/module/configure v0.0.0-20230531064521-09943a54576e h1:TZnDdY+9F6sOij5QfOL508UHUj3mWAOzq/cOKmfSWSY=
github.com/swaros/contxt/module/configure v0.0.0-20230531064521-09943a54576e/go.mod h1:ELBh1Lf8n9iVF4foYiK73gJPAHZtDcTc92ZfVLZBXGU=
github.com/swaros/contxt/module/dirhandle v0.0.0-20230531064521-09943a54576e h1:BXctly7klpnJPOGsXAqXw0Nbc5O32oL9io1FiNVRl4M=
github.com/swaros/contxt/module/dirhandle v0.0.0-20230531064521-09943a54576e/go.mod h1:uadGIHB1hjP67Fu//UH09imK4xV1HL9edn/GgtGhK2Y=
github.com/swaros/contxt/module/mimiclog v0.0.0-20240808085138-b2135233cb1c h1:UrBebwKqUnWtKbCCW/W6ae90n9BBgUYJdn8OAr26YsQ=
github.com/swaros/contxt/module/mimiclog v0.0.0-20240808085138-b2135233cb1c/go.mod h1:7SEILeeImKgdQR1d2NitEsKcy2y02zJBcoNhQgSoaZw=
github.com/swaros/contxt/module/systools v0.0.0-20240808085138-b2135233cb1c h1:QiVIBNiO91xw205iqJIeMrR1nxZPTbaQxTTeH/TMKIk=
github.com/swaros/contxt/module/systools v0.0.0-20240808085138-b2135233cb1c/go.mod h1:E2du9aY2GThMxgP21rIbdq3yOmrt2cVYwPzgKpIV/tA=
github.com/swaros/manout v0.2.1 h1:vahzXmDrqgtm30CE36vvPnMQWfh+p5PwwIBbfz8IrPY=
github.com/swaros/manout v0.2.1/go.mod h1:jShapWGngejTppzXUDyISFXH7ZaRLQaGiKlagQhZuic=
github.com/swaros/outinject v0.0.4 h1:i9/qMaUTGaAE3vNU6rStX78eMXnVEtEKfxqR7sgaVLg=
github.com/swaros/outinject v0.0.4/go.mod h1:wcIOa87m1ijBNaDFVvLBgo7wLOfE6s1fdDIHCy4RYb4=
golang.org/x/sys v0.23.0 h1:YfKFowiIMvtgl1UERQoTPPToxltDeZfbj4H7dVUCwmM=
golang.org/x/sys v0.23.0/go.mod h1:/VUhepiaJMQUp4+oa/7Zr1D23ma6VTLIYjOOTFZPUcA=
golang.org/x/term v0.23.0 h1:F6D4vR+EHoL9/sWAWgAR1H2DcHr4PareCbAaCo1RpuU=
golang.org/x/term v0.23.0/go.mod h1:DgV24QBUrK6jhZXl+20l6UWznPlwAHm1Q1mGHtydmSk=
