github.com/swaros/manout v0.2.0 h1:YiukV36UDKw6bzu+InTnTK9S7RkNgKlLzXZdPUpKvbg=
github.com/swaros/manout v0.2.0/go.mod h1:uLr3/KG+BKYkuS9egz8yBEI5TVvOJEc4a3LHo87ZnSA=
github.com/swaros/outinject v0.0.4 h1:i9/qMaUTGaAE3vNU6rStX78eMXnVEtEKfxqR7sgaVLg=
github.com/swaros/outinject v0.0.4/go.mod h1:wcIOa87m1ijBNaDFVvLBgo7wLOfE6s1fdDIHCy4RYb4=
golang.org/x/sys v0.7.0 h1:3jlCCIQZPdOYu1h8BkNvLz8Kgwtae2cagcG/VamtZRU=
golang.org/x/sys v0.7.0/go.mod h1:oPkhp1MJrh7nUepCBck5+mAzfO9JrbApNNgaTdGDITg=
golang.org/x/term v0.7.0 h1:BEvjmm5fURWqcfbSKTdpkDXYBrUS1c0m8agp14W48vQ=
golang.org/x/term v0.7.0/go.mod h1:P32HKFT3hSsZrRxla30E9HqToFYAQPCMs/zFMBUFqPY=
