github.com/swaros/manout v0.2.1 h1:vahzXmDrqgtm30CE36vvPnMQWfh+p5PwwIBbfz8IrPY=
github.com/swaros/manout v0.2.1/go.mod h1:jShapWGngejTppzXUDyISFXH7ZaRLQaGiKlagQhZuic=
github.com/swaros/outinject v0.0.4 h1:i9/qMaUTGaAE3vNU6rStX78eMXnVEtEKfxqR7sgaVLg=
github.com/swaros/outinject v0.0.4/go.mod h1:wcIOa87m1ijBNaDFVvLBgo7wLOfE6s1fdDIHCy4RYb4=
golang.org/x/sys v0.10.0 h1:SqMFp9UcQJZa+pmYuAKjd9xq1f0j5rLcDIk0mj4qAsA=
golang.org/x/sys v0.10.0/go.mod h1:oPkhp1MJrh7nUepCBck5+mAzfO9JrbApNNgaTdGDITg=
golang.org/x/term v0.10.0 h1:3R7pNqamzBraeqj/Tj8qt1aQ2HpmlC+Cx/qL/7hn4/c=
golang.org/x/term v0.10.0/go.mod h1:lpqdcUyK/oCiQxvxVrppt5ggO2KCZ5QblwqPnfZ6d5o=
