github.com/swaros/contxt/module/configure v0.0.0-20230106225453-d04145a0b401 h1:OJfnqVq2cLtdd/JcdcAEUjovXpeP4xaWOGgB3rLf6aY=
github.com/swaros/contxt/module/configure v0.0.0-20230106225453-d04145a0b401/go.mod h1:ELBh1Lf8n9iVF4foYiK73gJPAHZtDcTc92ZfVLZBXGU=
github.com/swaros/contxt/module/yacl v0.0.0-20230106225453-d04145a0b401 h1:DYvq8LZ4cBQfurLPQlWfEOdcNxQJO4mfz9iy77bXUiM=
github.com/swaros/contxt/module/yacl v0.0.0-20230106225453-d04145a0b401/go.mod h1:4tOCj/YZ6niqw97sTAYwB0TPA+Lc7lhNpnSr4hphdRY=
github.com/swaros/contxt/module/yamc v0.0.0-20230106225453-d04145a0b401 h1:3SVMCjBFbJm4qoftovRwcZ7DH5qSowHQQ2jzkn4JXos=
github.com/swaros/contxt/module/yamc v0.0.0-20230106225453-d04145a0b401/go.mod h1:cIg7oGvql9qRzTSUTiL/5SORSmWoWLmN9Bdkxc5r4yc=
github.com/swaros/manout v0.2.0 h1:YiukV36UDKw6bzu+InTnTK9S7RkNgKlLzXZdPUpKvbg=
github.com/swaros/manout v0.2.0/go.mod h1:uLr3/KG+BKYkuS9egz8yBEI5TVvOJEc4a3LHo87ZnSA=
github.com/swaros/outinject v0.0.4 h1:i9/qMaUTGaAE3vNU6rStX78eMXnVEtEKfxqR7sgaVLg=
github.com/swaros/outinject v0.0.4/go.mod h1:wcIOa87m1ijBNaDFVvLBgo7wLOfE6s1fdDIHCy4RYb4=
github.com/tidwall/gjson v1.14.4 h1:uo0p8EbA09J7RQaflQ1aBRffTR7xedD2bcIVSYxLnkM=
github.com/tidwall/gjson v1.14.4/go.mod h1:/wbyibRr2FHMks5tjHJ5F8dMZh3AcwJEMf5vlfC0lxk=
github.com/tidwall/match v1.1.1 h1:+Ho715JplO36QYgwN9PGYNhgZvoUSc9X2c80KVTi+GA=
github.com/tidwall/match v1.1.1/go.mod h1:eRSPERbgtNPcGhD8UCthc6PmLEQXEWd3PRB5JTxsfmM=
github.com/tidwall/pretty v1.2.0 h1:RWIZEg2iJ8/g6fDDYzMpobmaoGh5OLl4AXtGUGPcqCs=
github.com/tidwall/pretty v1.2.0/go.mod h1:ITEVvHYasfjBbM0u2Pg8T2nJnzm8xPwvNhhsoaGGjNU=
golang.org/x/sys v0.0.0-20220615213510-4f61da869c0c h1:aFV+BgZ4svzjfabn8ERpuB4JI4N6/rdy1iusx77G3oU=
golang.org/x/sys v0.0.0-20220615213510-4f61da869c0c/go.mod h1:oPkhp1MJrh7nUepCBck5+mAzfO9JrbApNNgaTdGDITg=
golang.org/x/term v0.0.0-20220526004731-065cf7ba2467 h1:CBpWXWQpIRjzmkkA+M7q9Fqnwd2mZr3AFqexg8YTfoM=
golang.org/x/term v0.0.0-20220526004731-065cf7ba2467/go.mod h1:jbD1KX2456YbFQfuXm/mYQcufACuNUgVhRMnK/tPxf8=
gopkg.in/check.v1 v0.0.0-20161208181325-20d25e280405 h1:yhCVgyC4o1eVCa2tZl7eS0r+SDo693bJlVdllGtEeKM=
gopkg.in/check.v1 v0.0.0-20161208181325-20d25e280405/go.mod h1:Co6ibVJAznAaIkqp8huTwlJQCZ016jof/cbN4VW5Yz0=
gopkg.in/yaml.v2 v2.4.0 h1:D8xgwECY7CYvx+Y2n4sBz93Jn9JRvxdiyyo8CTfuKaY=
gopkg.in/yaml.v2 v2.4.0/go.mod h1:RDklbk79AGWmwhnvt/jBztapEOGDOx6ZbXqjP6csGnQ=
