github.com/Masterminds/semver/v3 v3.2.1 h1:RN9w6+7QoMeJVGyfmbcgs28Br8cvmnucEXnY0rYXWg0=
github.com/Masterminds/semver/v3 v3.2.1/go.mod h1:qvl/7zhW3nngYb5+80sSMF+FG2BjYrf8m9wsX0PNOMQ=
github.com/swaros/contxt/module/systools v0.0.0-20230531064521-09943a54576e h1:jEyDTRKRNqI5yCrbhlNrWMTo98+ais77VLLEmByF2xE=
github.com/swaros/contxt/module/systools v0.0.0-20230531064521-09943a54576e/go.mod h1:oAOVRWp1SAgz/SSKivHEhQURhokDb1MAekB4R4S1EV8=
github.com/swaros/contxt/module/yacl v0.0.0-20230531064521-09943a54576e h1:crQFuQhtwnxsrPJDDP06Ceb6/8G0pN1Oj0ZqJVF0Ho0=
github.com/swaros/contxt/module/yacl v0.0.0-20230531064521-09943a54576e/go.mod h1:4tOCj/YZ6niqw97sTAYwB0TPA+Lc7lhNpnSr4hphdRY=
github.com/swaros/contxt/module/yamc v0.0.0-20230531064521-09943a54576e h1:CAAOzOw1gM1I8BuWR1onXyg/mPnCGmk0sHi6T7HvjUU=
github.com/swaros/contxt/module/yamc v0.0.0-20230531064521-09943a54576e/go.mod h1:cIg7oGvql9qRzTSUTiL/5SORSmWoWLmN9Bdkxc5r4yc=
github.com/swaros/manout v0.2.0 h1:YiukV36UDKw6bzu+InTnTK9S7RkNgKlLzXZdPUpKvbg=
github.com/swaros/manout v0.2.0/go.mod h1:uLr3/KG+BKYkuS9egz8yBEI5TVvOJEc4a3LHo87ZnSA=
github.com/swaros/outinject v0.0.4 h1:i9/qMaUTGaAE3vNU6rStX78eMXnVEtEKfxqR7sgaVLg=
github.com/swaros/outinject v0.0.4/go.mod h1:wcIOa87m1ijBNaDFVvLBgo7wLOfE6s1fdDIHCy4RYb4=
github.com/tidwall/gjson v1.14.4 h1:uo0p8EbA09J7RQaflQ1aBRffTR7xedD2bcIVSYxLnkM=
github.com/tidwall/gjson v1.14.4/go.mod h1:/wbyibRr2FHMks5tjHJ5F8dMZh3AcwJEMf5vlfC0lxk=
github.com/tidwall/match v1.1.1 h1:+Ho715JplO36QYgwN9PGYNhgZvoUSc9X2c80KVTi+GA=
github.com/tidwall/match v1.1.1/go.mod h1:eRSPERbgtNPcGhD8UCthc6PmLEQXEWd3PRB5JTxsfmM=
github.com/tidwall/pretty v1.2.0 h1:RWIZEg2iJ8/g6fDDYzMpobmaoGh5OLl4AXtGUGPcqCs=
github.com/tidwall/pretty v1.2.0/go.mod h1:ITEVvHYasfjBbM0u2Pg8T2nJnzm8xPwvNhhsoaGGjNU=
golang.org/x/sys v0.8.0 h1:EBmGv8NaZBZTWvrbjNoL6HVt+IVy3QDQpJs7VRIw3tU=
golang.org/x/sys v0.8.0/go.mod h1:oPkhp1MJrh7nUepCBck5+mAzfO9JrbApNNgaTdGDITg=
golang.org/x/term v0.8.0 h1:n5xxQn2i3PC0yLAbjTpNT85q/Kgzcr2gIoX9OrJUols=
golang.org/x/term v0.8.0/go.mod h1:xPskH00ivmX89bAKVGSKKtLOWNx2+17Eiy94tnKShWo=
gopkg.in/check.v1 v0.0.0-20161208181325-20d25e280405 h1:yhCVgyC4o1eVCa2tZl7eS0r+SDo693bJlVdllGtEeKM=
gopkg.in/check.v1 v0.0.0-20161208181325-20d25e280405/go.mod h1:Co6ibVJAznAaIkqp8huTwlJQCZ016jof/cbN4VW5Yz0=
gopkg.in/yaml.v2 v2.4.0 h1:D8xgwECY7CYvx+Y2n4sBz93Jn9JRvxdiyyo8CTfuKaY=
gopkg.in/yaml.v2 v2.4.0/go.mod h1:RDklbk79AGWmwhnvt/jBztapEOGDOx6ZbXqjP6csGnQ=
